
Microsoft Visual Studio Solution File, Format Version 11.00
# Visual Studio 2010
Project("{FAE04EC0-301F-11D3-BF4B-00C04F79EFBC}") = "Contracts", "Contracts\Contracts.csproj", "{5914ACE4-5A47-4F4E-967A-DCC5872521CA}"
EndProject
Project("{FAE04EC0-301F-11D3-BF4B-00C04F79EFBC}") = "Services", "Services\Services.csproj", "{885056F4-290C-4046-809E-5C5BD3EEEAC6}"
EndProject
Project("{FAE04EC0-301F-11D3-BF4B-00C04F79EFBC}") = "Hosting", "Hosting\Hosting.csproj", "{28026594-CE07-48B5-8107-1F37942B09FD}"
EndProject
Project("{FAE04EC0-301F-11D3-BF4B-00C04F79EFBC}") = "Client", "Client\Client.csproj", "{95897C04-147B-4E40-9B7C-33EF4985FBCF}"
EndProject
Project("{E24C65DC-7377-472B-9ABA-BC803B73C61A}") = "IISHost", "IISHost\", "{E725D267-38D1-48BD-991E-E76AB9DA40C9}"
	ProjectSection(WebsiteProperties) = preProject
		TargetFrameworkMoniker = ".NETFramework,Version%3Dv4.0"
		Debug.AspNetCompiler.VirtualPath = "/IISHost"
		Debug.AspNetCompiler.PhysicalPath = "IISHost\"
		Debug.AspNetCompiler.TargetPath = "PrecompiledWeb\IISHost\"
		Debug.AspNetCompiler.Updateable = "true"
		Debug.AspNetCompiler.ForceOverwrite = "true"
		Debug.AspNetCompiler.FixedNames = "false"
		Debug.AspNetCompiler.Debug = "True"
		Release.AspNetCompiler.VirtualPath = "/IISHost"
		Release.AspNetCompiler.PhysicalPath = "IISHost\"
		Release.AspNetCompiler.TargetPath = "PrecompiledWeb\IISHost\"
		Release.AspNetCompiler.Updateable = "true"
		Release.AspNetCompiler.ForceOverwrite = "true"
		Release.AspNetCompiler.FixedNames = "false"
		Release.AspNetCompiler.Debug = "False"
		VWDPort = "1174"
		DefaultWebSiteLanguage = "Visual C#"
	EndProjectSection
EndProject
Global
	GlobalSection(SolutionConfigurationPlatforms) = preSolution
		Debug|Any CPU = Debug|Any CPU
		Debug|Mixed Platforms = Debug|Mixed Platforms
		Debug|x86 = Debug|x86
		Release|Any CPU = Release|Any CPU
		Release|Mixed Platforms = Release|Mixed Platforms
		Release|x86 = Release|x86
	EndGlobalSection
	GlobalSection(ProjectConfigurationPlatforms) = postSolution
		{5914ACE4-5A47-4F4E-967A-DCC5872521CA}.Debug|Any CPU.ActiveCfg = Debug|Any CPU
		{5914ACE4-5A47-4F4E-967A-DCC5872521CA}.Debug|Any CPU.Build.0 = Debug|Any CPU
		{5914ACE4-5A47-4F4E-967A-DCC5872521CA}.Debug|Mixed Platforms.ActiveCfg = Debug|Any CPU
		{5914ACE4-5A47-4F4E-967A-DCC5872521CA}.Debug|Mixed Platforms.Build.0 = Debug|Any CPU
		{5914ACE4-5A47-4F4E-967A-DCC5872521CA}.Debug|x86.ActiveCfg = Debug|Any CPU
		{5914ACE4-5A47-4F4E-967A-DCC5872521CA}.Release|Any CPU.ActiveCfg = Release|Any CPU
		{5914ACE4-5A47-4F4E-967A-DCC5872521CA}.Release|Any CPU.Build.0 = Release|Any CPU
		{5914ACE4-5A47-4F4E-967A-DCC5872521CA}.Release|Mixed Platforms.ActiveCfg = Release|Any CPU
		{5914ACE4-5A47-4F4E-967A-DCC5872521CA}.Release|Mixed Platforms.Build.0 = Release|Any CPU
		{5914ACE4-5A47-4F4E-967A-DCC5872521CA}.Release|x86.ActiveCfg = Release|Any CPU
		{885056F4-290C-4046-809E-5C5BD3EEEAC6}.Debug|Any CPU.ActiveCfg = Debug|Any CPU
		{885056F4-290C-4046-809E-5C5BD3EEEAC6}.Debug|Any CPU.Build.0 = Debug|Any CPU
		{885056F4-290C-4046-809E-5C5BD3EEEAC6}.Debug|Mixed Platforms.ActiveCfg = Debug|Any CPU
		{885056F4-290C-4046-809E-5C5BD3EEEAC6}.Debug|Mixed Platforms.Build.0 = Debug|Any CPU
		{885056F4-290C-4046-809E-5C5BD3EEEAC6}.Debug|x86.ActiveCfg = Debug|Any CPU
		{885056F4-290C-4046-809E-5C5BD3EEEAC6}.Release|Any CPU.ActiveCfg = Release|Any CPU
		{885056F4-290C-4046-809E-5C5BD3EEEAC6}.Release|Any CPU.Build.0 = Release|Any CPU
		{885056F4-290C-4046-809E-5C5BD3EEEAC6}.Release|Mixed Platforms.ActiveCfg = Release|Any CPU
		{885056F4-290C-4046-809E-5C5BD3EEEAC6}.Release|Mixed Platforms.Build.0 = Release|Any CPU
		{885056F4-290C-4046-809E-5C5BD3EEEAC6}.Release|x86.ActiveCfg = Release|Any CPU
		{28026594-CE07-48B5-8107-1F37942B09FD}.Debug|Any CPU.ActiveCfg = Debug|x86
		{28026594-CE07-48B5-8107-1F37942B09FD}.Debug|Mixed Platforms.ActiveCfg = Debug|x86
		{28026594-CE07-48B5-8107-1F37942B09FD}.Debug|Mixed Platforms.Build.0 = Debug|x86
		{28026594-CE07-48B5-8107-1F37942B09FD}.Debug|x86.ActiveCfg = Debug|x86
		{28026594-CE07-48B5-8107-1F37942B09FD}.Debug|x86.Build.0 = Debug|x86
		{28026594-CE07-48B5-8107-1F37942B09FD}.Release|Any CPU.ActiveCfg = Release|x86
		{28026594-CE07-48B5-8107-1F37942B09FD}.Release|Mixed Platforms.ActiveCfg = Release|x86
		{28026594-CE07-48B5-8107-1F37942B09FD}.Release|Mixed Platforms.Build.0 = Release|x86
		{28026594-CE07-48B5-8107-1F37942B09FD}.Release|x86.ActiveCfg = Release|x86
		{28026594-CE07-48B5-8107-1F37942B09FD}.Release|x86.Build.0 = Release|x86
		{95897C04-147B-4E40-9B7C-33EF4985FBCF}.Debug|Any CPU.ActiveCfg = Debug|x86
		{95897C04-147B-4E40-9B7C-33EF4985FBCF}.Debug|Mixed Platforms.ActiveCfg = Debug|x86
		{95897C04-147B-4E40-9B7C-33EF4985FBCF}.Debug|Mixed Platforms.Build.0 = Debug|x86
		{95897C04-147B-4E40-9B7C-33EF4985FBCF}.Debug|x86.ActiveCfg = Debug|x86
		{95897C04-147B-4E40-9B7C-33EF4985FBCF}.Debug|x86.Build.0 = Debug|x86
		{95897C04-147B-4E40-9B7C-33EF4985FBCF}.Release|Any CPU.ActiveCfg = Release|x86
		{95897C04-147B-4E40-9B7C-33EF4985FBCF}.Release|Mixed Platforms.ActiveCfg = Release|x86
		{95897C04-147B-4E40-9B7C-33EF4985FBCF}.Release|Mixed Platforms.Build.0 = Release|x86
		{95897C04-147B-4E40-9B7C-33EF4985FBCF}.Release|x86.ActiveCfg = Release|x86
		{95897C04-147B-4E40-9B7C-33EF4985FBCF}.Release|x86.Build.0 = Release|x86
		{E725D267-38D1-48BD-991E-E76AB9DA40C9}.Debug|Any CPU.ActiveCfg = Debug|Any CPU
		{E725D267-38D1-48BD-991E-E76AB9DA40C9}.Debug|Any CPU.Build.0 = Debug|Any CPU
		{E725D267-38D1-48BD-991E-E76AB9DA40C9}.Debug|Mixed Platforms.ActiveCfg = Debug|Any CPU
		{E725D267-38D1-48BD-991E-E76AB9DA40C9}.Debug|Mixed Platforms.Build.0 = Debug|Any CPU
		{E725D267-38D1-48BD-991E-E76AB9DA40C9}.Debug|x86.ActiveCfg = Debug|Any CPU
		{E725D267-38D1-48BD-991E-E76AB9DA40C9}.Release|Any CPU.ActiveCfg = Debug|Any CPU
		{E725D267-38D1-48BD-991E-E76AB9DA40C9}.Release|Any CPU.Build.0 = Debug|Any CPU
		{E725D267-38D1-48BD-991E-E76AB9DA40C9}.Release|Mixed Platforms.ActiveCfg = Debug|Any CPU
		{E725D267-38D1-48BD-991E-E76AB9DA40C9}.Release|Mixed Platforms.Build.0 = Debug|Any CPU
		{E725D267-38D1-48BD-991E-E76AB9DA40C9}.Release|x86.ActiveCfg = Debug|Any CPU
	EndGlobalSection
	GlobalSection(SolutionProperties) = preSolution
		HideSolutionNode = FALSE
	EndGlobalSection
EndGlobal
