
Microsoft Visual Studio Solution File, Format Version 11.00
# Visual Studio 2010
Project("{FAE04EC0-301F-11D3-BF4B-00C04F79EFBC}") = "UnityDemo", "UnityDemo\UnityDemo.csproj", "{6B44ACBB-40C3-414B-9691-5CB72A266ECD}"
EndProject
Global
	GlobalSection(SolutionConfigurationPlatforms) = preSolution
		Debug|x86 = Debug|x86
		Release|x86 = Release|x86
	EndGlobalSection
	GlobalSection(ProjectConfigurationPlatforms) = postSolution
		{6B44ACBB-40C3-414B-9691-5CB72A266ECD}.Debug|x86.ActiveCfg = Debug|x86
		{6B44ACBB-40C3-414B-9691-5CB72A266ECD}.Debug|x86.Build.0 = Debug|x86
		{6B44ACBB-40C3-414B-9691-5CB72A266ECD}.Release|x86.ActiveCfg = Release|x86
		{6B44ACBB-40C3-414B-9691-5CB72A266ECD}.Release|x86.Build.0 = Release|x86
	EndGlobalSection
	GlobalSection(SolutionProperties) = preSolution
		HideSolutionNode = FALSE
	EndGlobalSection
EndGlobal
