
Microsoft Visual Studio Solution File, Format Version 11.00
# Visual Studio 2010
Project("{FAE04EC0-301F-11D3-BF4B-00C04F79EFBC}") = "31Refactoring", "HHRefactoring\31Refactoring.csproj", "{03B1A902-7164-43CF-9718-F71FF34C0077}"
EndProject
Project("{FAE04EC0-301F-11D3-BF4B-00C04F79EFBC}") = "Test", "Test\Test.csproj", "{3A8A5F65-3338-4101-A1E5-4C00A16C76AE}"
EndProject
Global
	GlobalSection(SolutionConfigurationPlatforms) = preSolution
		Debug|Any CPU = Debug|Any CPU
		Release|Any CPU = Release|Any CPU
	EndGlobalSection
	GlobalSection(ProjectConfigurationPlatforms) = postSolution
		{03B1A902-7164-43CF-9718-F71FF34C0077}.Debug|Any CPU.ActiveCfg = Debug|Any CPU
		{03B1A902-7164-43CF-9718-F71FF34C0077}.Debug|Any CPU.Build.0 = Debug|Any CPU
		{03B1A902-7164-43CF-9718-F71FF34C0077}.Release|Any CPU.ActiveCfg = Release|Any CPU
		{03B1A902-7164-43CF-9718-F71FF34C0077}.Release|Any CPU.Build.0 = Release|Any CPU
		{3A8A5F65-3338-4101-A1E5-4C00A16C76AE}.Debug|Any CPU.ActiveCfg = Debug|Any CPU
		{3A8A5F65-3338-4101-A1E5-4C00A16C76AE}.Debug|Any CPU.Build.0 = Debug|Any CPU
		{3A8A5F65-3338-4101-A1E5-4C00A16C76AE}.Release|Any CPU.ActiveCfg = Release|Any CPU
		{3A8A5F65-3338-4101-A1E5-4C00A16C76AE}.Release|Any CPU.Build.0 = Release|Any CPU
	EndGlobalSection
	GlobalSection(SolutionProperties) = preSolution
		HideSolutionNode = FALSE
	EndGlobalSection
EndGlobal
