
Microsoft Visual Studio Solution File, Format Version 11.00
# Visual Studio 2010
Project("{FAE04EC0-301F-11D3-BF4B-00C04F79EFBC}") = "Bowling", "Bowling\Bowling.csproj", "{7E52BDCD-A1A2-4EB7-9347-B022AD2D75C1}"
EndProject
Project("{FAE04EC0-301F-11D3-BF4B-00C04F79EFBC}") = "Bowling.Test", "Bowling.Test\Bowling.Test.csproj", "{7C740BBD-BE4F-4F7E-938D-71EEBC967D86}"
EndProject
Project("{2150E333-8FDC-42A3-9474-1A3956D46DE8}") = "Solution Items", "Solution Items", "{14C119CF-509D-4F8E-BF47-7F820D0061EF}"
	ProjectSection(SolutionItems) = preProject
		Bowling.vsmdi = Bowling.vsmdi
		Local.testsettings = Local.testsettings
		TraceAndTestImpact.testsettings = TraceAndTestImpact.testsettings
	EndProjectSection
EndProject
Global
	GlobalSection(TestCaseManagementSettings) = postSolution
		CategoryFile = Bowling.vsmdi
	EndGlobalSection
	GlobalSection(SolutionConfigurationPlatforms) = preSolution
		Debug|Any CPU = Debug|Any CPU
		Debug|Mixed Platforms = Debug|Mixed Platforms
		Debug|x86 = Debug|x86
		Release|Any CPU = Release|Any CPU
		Release|Mixed Platforms = Release|Mixed Platforms
		Release|x86 = Release|x86
	EndGlobalSection
	GlobalSection(ProjectConfigurationPlatforms) = postSolution
		{7E52BDCD-A1A2-4EB7-9347-B022AD2D75C1}.Debug|Any CPU.ActiveCfg = Debug|x86
		{7E52BDCD-A1A2-4EB7-9347-B022AD2D75C1}.Debug|Mixed Platforms.ActiveCfg = Debug|x86
		{7E52BDCD-A1A2-4EB7-9347-B022AD2D75C1}.Debug|Mixed Platforms.Build.0 = Debug|x86
		{7E52BDCD-A1A2-4EB7-9347-B022AD2D75C1}.Debug|x86.ActiveCfg = Debug|x86
		{7E52BDCD-A1A2-4EB7-9347-B022AD2D75C1}.Debug|x86.Build.0 = Debug|x86
		{7E52BDCD-A1A2-4EB7-9347-B022AD2D75C1}.Release|Any CPU.ActiveCfg = Release|x86
		{7E52BDCD-A1A2-4EB7-9347-B022AD2D75C1}.Release|Mixed Platforms.ActiveCfg = Release|x86
		{7E52BDCD-A1A2-4EB7-9347-B022AD2D75C1}.Release|Mixed Platforms.Build.0 = Release|x86
		{7E52BDCD-A1A2-4EB7-9347-B022AD2D75C1}.Release|x86.ActiveCfg = Release|x86
		{7E52BDCD-A1A2-4EB7-9347-B022AD2D75C1}.Release|x86.Build.0 = Release|x86
		{7C740BBD-BE4F-4F7E-938D-71EEBC967D86}.Debug|Any CPU.ActiveCfg = Debug|Any CPU
		{7C740BBD-BE4F-4F7E-938D-71EEBC967D86}.Debug|Any CPU.Build.0 = Debug|Any CPU
		{7C740BBD-BE4F-4F7E-938D-71EEBC967D86}.Debug|Mixed Platforms.ActiveCfg = Debug|Any CPU
		{7C740BBD-BE4F-4F7E-938D-71EEBC967D86}.Debug|Mixed Platforms.Build.0 = Debug|Any CPU
		{7C740BBD-BE4F-4F7E-938D-71EEBC967D86}.Debug|x86.ActiveCfg = Debug|Any CPU
		{7C740BBD-BE4F-4F7E-938D-71EEBC967D86}.Release|Any CPU.ActiveCfg = Release|Any CPU
		{7C740BBD-BE4F-4F7E-938D-71EEBC967D86}.Release|Any CPU.Build.0 = Release|Any CPU
		{7C740BBD-BE4F-4F7E-938D-71EEBC967D86}.Release|Mixed Platforms.ActiveCfg = Release|Any CPU
		{7C740BBD-BE4F-4F7E-938D-71EEBC967D86}.Release|Mixed Platforms.Build.0 = Release|Any CPU
		{7C740BBD-BE4F-4F7E-938D-71EEBC967D86}.Release|x86.ActiveCfg = Release|Any CPU
	EndGlobalSection
	GlobalSection(SolutionProperties) = preSolution
		HideSolutionNode = FALSE
	EndGlobalSection
EndGlobal
